
Microsoft Visual Studio Solution File, Format Version 12.00
# Visual Studio Version 16
VisualStudioVersion = 16.0.32428.217
MinimumVisualStudioVersion = 10.0.40219.1
Project("{FAE04EC0-301F-11D3-BF4B-00C04F79EFBC}") = "JogoDaVelha", "JogoDaVelha\JogoDaVelha.csproj", "{17550FB1-5BA3-469B-A79D-E73335160A9C}"
EndProject
Global
	GlobalSection(SolutionConfigurationPlatforms) = preSolution
		Debug|Any CPU = Debug|Any CPU
		Release|Any CPU = Release|Any CPU
	EndGlobalSection
	GlobalSection(ProjectConfigurationPlatforms) = postSolution
		{17550FB1-5BA3-469B-A79D-E73335160A9C}.Debug|Any CPU.ActiveCfg = Debug|Any CPU
		{17550FB1-5BA3-469B-A79D-E73335160A9C}.Debug|Any CPU.Build.0 = Debug|Any CPU
		{17550FB1-5BA3-469B-A79D-E73335160A9C}.Release|Any CPU.ActiveCfg = Release|Any CPU
		{17550FB1-5BA3-469B-A79D-E73335160A9C}.Release|Any CPU.Build.0 = Release|Any CPU
	EndGlobalSection
	GlobalSection(SolutionProperties) = preSolution
		HideSolutionNode = FALSE
	EndGlobalSection
	GlobalSection(ExtensibilityGlobals) = postSolution
		SolutionGuid = {8CAD1B37-665E-497A-B2BF-34C046F0265D}
	EndGlobalSection
EndGlobal
